
Microsoft Visual Studio Solution File, Format Version 12.00
# Visual Studio Version 16
VisualStudioVersion = 16.0.28531.58
MinimumVisualStudioVersion = 10.0.40219.1
Project("{FAE04EC0-301F-11D3-BF4B-00C04F79EFBC}") = "ThreadPoolScaling", "ThreadPoolScaling\ThreadPoolScaling.csproj", "{DC368682-3B01-43F5-829D-9E6753BF34E1}"
EndProject
Global
	GlobalSection(SolutionConfigurationPlatforms) = preSolution
		Debug|Any CPU = Debug|Any CPU
		Release|Any CPU = Release|Any CPU
	EndGlobalSection
	GlobalSection(ProjectConfigurationPlatforms) = postSolution
		{DC368682-3B01-43F5-829D-9E6753BF34E1}.Debug|Any CPU.ActiveCfg = Debug|Any CPU
		{DC368682-3B01-43F5-829D-9E6753BF34E1}.Debug|Any CPU.Build.0 = Debug|Any CPU
		{DC368682-3B01-43F5-829D-9E6753BF34E1}.Release|Any CPU.ActiveCfg = Release|Any CPU
		{DC368682-3B01-43F5-829D-9E6753BF34E1}.Release|Any CPU.Build.0 = Release|Any CPU
	EndGlobalSection
	GlobalSection(SolutionProperties) = preSolution
		HideSolutionNode = FALSE
	EndGlobalSection
	GlobalSection(ExtensibilityGlobals) = postSolution
		SolutionGuid = {3F327A15-7ECB-4D0B-9FB8-711BDFD25BE6}
	EndGlobalSection
EndGlobal
